<?xml version="1.0" encoding="utf-8"?>
<Project ToolsVersion="4.0" xmlns="http://schemas.microsoft.com/developer/msbuild/2003">
  <ItemGroup>
    <Filter Include="Quelldateien">
      <UniqueIdentifier>{4FC737F1-C7A5-4376-A066-2A32D752A2FF}</UniqueIdentifier>
      <Extensions>cpp;c;cc;cxx;c++;cppm;ixx;def;odl;idl;hpj;bat;asm;asmx</Extensions>
    </Filter>
    <Filter Include="Headerdateien">
      <UniqueIdentifier>{93995380-89BD-4b04-88EB-625FBE52EBFB}</UniqueIdentifier>
      <Extensions>h;hh;hpp;hxx;h++;hm;inl;inc;ipp;xsd</Extensions>
    </Filter>
    <Filter Include="Ressourcendateien">
      <UniqueIdentifier>{67DA6AB6-F800-4c08-8B7A-83BB121AAD01}</UniqueIdentifier>
      <Extensions>rc;ico;cur;bmp;dlg;rc2;rct;bin;rgs;gif;jpg;jpeg;jpe;resx;tiff;tif;png;wav;mfcribbon-ms</Extensions>
    </Filter>
  </ItemGroup>
  <ItemGroup>
    <ClCompile Include="src\main.cpp">
      <Filter>Quelldateien</Filter>
    </ClCompile>
    <ClCompile Include="src\cpuinfo.cpp">
      <Filter>Quelldateien</Filter>
    </ClCompile>
    <ClCompile Include="src\cpuinfodelegate.cpp">
      <Filter>Quelldateien</Filter>
    </ClCompile>
    <ClCompile Include="src\gpuinfo.cpp">
      <Filter>Quelldateien</Filter>
    </ClCompile>
    <ClCompile Include="src\gpuinfodelegate.cpp">
      <Filter>Quelldateien</Filter>
    </ClCompile>
    <ClCompile Include="src\motherboardinfo.cpp">
      <Filter>Quelldateien</Filter>
    </ClCompile>
    <ClCompile Include="src\motherboardinfodelegate.cpp">
      <Filter>Quelldateien</Filter>
    </ClCompile>
    <ClCompile Include="src\osinfo.cpp">
      <Filter>Quelldateien</Filter>
    </ClCompile>
    <ClCompile Include="src\osinfodelegate.cpp">
      <Filter>Quelldateien</Filter>
    </ClCompile>
    <ClCompile Include="src\raminfo.cpp">
      <Filter>Quelldateien</Filter>
    </ClCompile>
    <ClCompile Include="src\raminfodelegate.cpp">
      <Filter>Quelldateien</Filter>
    </ClCompile>
    <ClCompile Include="src\systemcommand.cpp">
      <Filter>Quelldateien</Filter>
    </ClCompile>
  </ItemGroup>
  <ItemGroup>
    <ClInclude Include="src\headers\cpuinfo.h">
      <Filter>Headerdateien</Filter>
    </ClInclude>
    <ClInclude Include="src\headers\cpuinfodelegate.h">
      <Filter>Headerdateien</Filter>
    </ClInclude>
    <ClInclude Include="src\headers\gpuinfo.h">
      <Filter>Headerdateien</Filter>
    </ClInclude>
    <ClInclude Include="src\headers\gpuinfodelegate.h">
      <Filter>Headerdateien</Filter>
    </ClInclude>
    <ClInclude Include="src\headers\motherboardinfo.h">
      <Filter>Headerdateien</Filter>
    </ClInclude>
    <ClInclude Include="src\headers\motherboardinfodelegate.h">
      <Filter>Headerdateien</Filter>
    </ClInclude>
    <ClInclude Include="src\headers\osinfo.h">
      <Filter>Headerdateien</Filter>
    </ClInclude>
    <ClInclude Include="src\headers\osinfodelegate.h">
      <Filter>Headerdateien</Filter>
    </ClInclude>
    <ClInclude Include="src\headers\raminfo.h">
      <Filter>Headerdateien</Filter>
    </ClInclude>
    <ClInclude Include="src\headers\raminfodelegate.h">
      <Filter>Headerdateien</Filter>
    </ClInclude>
    <ClInclude Include="src\headers\systemcommand.h">
      <Filter>Headerdateien</Filter>
    </ClInclude>
    <ClInclude Include="src\headers\systeminfo.h">
      <Filter>Headerdateien</Filter>
    </ClInclude>
  </ItemGroup>
  <ItemGroup>
    <Text Include="src\startup.txt">
      <Filter>Quelldateien</Filter>
    </Text>
    <Text Include="src\startupold.txt">
      <Filter>Quelldateien</Filter>
    </Text>
  </ItemGroup>
</Project>